
Microsoft Visual Studio Solution File, Format Version 12.00
# Visual Studio Version 17
VisualStudioVersion = 17.11.35222.181
MinimumVisualStudioVersion = 10.0.40219.1
Project("{FAE04EC0-301F-11D3-BF4B-00C04F79EFBC}") = "RetrolaimentacionC#", "RetrolaimentacionC#\RetrolaimentacionC#.csproj", "{689391E2-BAC9-4874-B41D-63A8D9BB1E6E}"
EndProject
Global
	GlobalSection(SolutionConfigurationPlatforms) = preSolution
		Debug|Any CPU = Debug|Any CPU
		Release|Any CPU = Release|Any CPU
	EndGlobalSection
	GlobalSection(ProjectConfigurationPlatforms) = postSolution
		{689391E2-BAC9-4874-B41D-63A8D9BB1E6E}.Debug|Any CPU.ActiveCfg = Debug|Any CPU
		{689391E2-BAC9-4874-B41D-63A8D9BB1E6E}.Debug|Any CPU.Build.0 = Debug|Any CPU
		{689391E2-BAC9-4874-B41D-63A8D9BB1E6E}.Release|Any CPU.ActiveCfg = Release|Any CPU
		{689391E2-BAC9-4874-B41D-63A8D9BB1E6E}.Release|Any CPU.Build.0 = Release|Any CPU
	EndGlobalSection
	GlobalSection(SolutionProperties) = preSolution
		HideSolutionNode = FALSE
	EndGlobalSection
	GlobalSection(ExtensibilityGlobals) = postSolution
		SolutionGuid = {65B33DC9-BF0F-4B6B-B5AD-C3EB3FBB48B0}
	EndGlobalSection
EndGlobal
